
Microsoft Visual Studio Solution File, Format Version 12.00
# Visual Studio 15
VisualStudioVersion = 15.0.27130.2027
MinimumVisualStudioVersion = 10.0.40219.1
Project("{9092AA53-FB77-4645-B42D-1CCCA6BD08BD}") = "PTMS_NodeJS", "PTMS_NodeJS.njsproj", "{CAEA331B-49F8-46F8-9633-335CC9B3B66B}"
EndProject
Global
	GlobalSection(SolutionConfigurationPlatforms) = preSolution
		Debug|Any CPU = Debug|Any CPU
		Release|Any CPU = Release|Any CPU
	EndGlobalSection
	GlobalSection(ProjectConfigurationPlatforms) = postSolution
		{CAEA331B-49F8-46F8-9633-335CC9B3B66B}.Debug|Any CPU.ActiveCfg = Debug|Any CPU
		{CAEA331B-49F8-46F8-9633-335CC9B3B66B}.Debug|Any CPU.Build.0 = Debug|Any CPU
		{CAEA331B-49F8-46F8-9633-335CC9B3B66B}.Release|Any CPU.ActiveCfg = Release|Any CPU
		{CAEA331B-49F8-46F8-9633-335CC9B3B66B}.Release|Any CPU.Build.0 = Release|Any CPU
	EndGlobalSection
	GlobalSection(SolutionProperties) = preSolution
		HideSolutionNode = FALSE
	EndGlobalSection
	GlobalSection(ExtensibilityGlobals) = postSolution
		SolutionGuid = {6B40079E-BC0D-4088-A771-C194603A79AD}
	EndGlobalSection
EndGlobal
